
Microsoft Visual Studio Solution File, Format Version 12.00
# Visual Studio Version 17
VisualStudioVersion = 17.4.33110.190
MinimumVisualStudioVersion = 10.0.40219.1
Project("{FAE04EC0-301F-11D3-BF4B-00C04F79EFBC}") = "UP 6 GUI OneD", "UP 6 GUI\UP 6 GUI OneD.csproj", "{CF2156DB-0459-40C8-B29A-4C0F5FC478D3}"
EndProject
Project("{FAE04EC0-301F-11D3-BF4B-00C04F79EFBC}") = "UP 6.1 GUI TwoD", "UP 6.1 GUI TwoD\UP 6.1 GUI TwoD.csproj", "{40D194BA-737C-435F-9FD7-0304445E9214}"
EndProject
Project("{FAE04EC0-301F-11D3-BF4B-00C04F79EFBC}") = "UP 6.2 GUI", "UP 6.2 GUI\UP 6.2 GUI.csproj", "{5CD93C71-7DF2-42C4-B2D6-E8A1F7D26429}"
EndProject
Project("{FAE04EC0-301F-11D3-BF4B-00C04F79EFBC}") = "UP 6.3 GUI", "UP 6.3 GUI\UP 6.3 GUI.csproj", "{205DBC62-C1F0-496A-95CD-E110FFA6AE2F}"
EndProject
Project("{FAE04EC0-301F-11D3-BF4B-00C04F79EFBC}") = "UP 6.4 GUI", "UP 6.4 GUI\UP 6.4 GUI.csproj", "{16838721-7D9D-41BA-833D-6AAAB9958C97}"
EndProject
Global
	GlobalSection(SolutionConfigurationPlatforms) = preSolution
		Debug|Any CPU = Debug|Any CPU
		Release|Any CPU = Release|Any CPU
	EndGlobalSection
	GlobalSection(ProjectConfigurationPlatforms) = postSolution
		{CF2156DB-0459-40C8-B29A-4C0F5FC478D3}.Debug|Any CPU.ActiveCfg = Debug|Any CPU
		{CF2156DB-0459-40C8-B29A-4C0F5FC478D3}.Debug|Any CPU.Build.0 = Debug|Any CPU
		{CF2156DB-0459-40C8-B29A-4C0F5FC478D3}.Release|Any CPU.ActiveCfg = Release|Any CPU
		{CF2156DB-0459-40C8-B29A-4C0F5FC478D3}.Release|Any CPU.Build.0 = Release|Any CPU
		{40D194BA-737C-435F-9FD7-0304445E9214}.Debug|Any CPU.ActiveCfg = Debug|Any CPU
		{40D194BA-737C-435F-9FD7-0304445E9214}.Debug|Any CPU.Build.0 = Debug|Any CPU
		{40D194BA-737C-435F-9FD7-0304445E9214}.Release|Any CPU.ActiveCfg = Release|Any CPU
		{40D194BA-737C-435F-9FD7-0304445E9214}.Release|Any CPU.Build.0 = Release|Any CPU
		{5CD93C71-7DF2-42C4-B2D6-E8A1F7D26429}.Debug|Any CPU.ActiveCfg = Debug|Any CPU
		{5CD93C71-7DF2-42C4-B2D6-E8A1F7D26429}.Debug|Any CPU.Build.0 = Debug|Any CPU
		{5CD93C71-7DF2-42C4-B2D6-E8A1F7D26429}.Release|Any CPU.ActiveCfg = Release|Any CPU
		{5CD93C71-7DF2-42C4-B2D6-E8A1F7D26429}.Release|Any CPU.Build.0 = Release|Any CPU
		{205DBC62-C1F0-496A-95CD-E110FFA6AE2F}.Debug|Any CPU.ActiveCfg = Debug|Any CPU
		{205DBC62-C1F0-496A-95CD-E110FFA6AE2F}.Debug|Any CPU.Build.0 = Debug|Any CPU
		{205DBC62-C1F0-496A-95CD-E110FFA6AE2F}.Release|Any CPU.ActiveCfg = Release|Any CPU
		{205DBC62-C1F0-496A-95CD-E110FFA6AE2F}.Release|Any CPU.Build.0 = Release|Any CPU
		{16838721-7D9D-41BA-833D-6AAAB9958C97}.Debug|Any CPU.ActiveCfg = Debug|Any CPU
		{16838721-7D9D-41BA-833D-6AAAB9958C97}.Debug|Any CPU.Build.0 = Debug|Any CPU
		{16838721-7D9D-41BA-833D-6AAAB9958C97}.Release|Any CPU.ActiveCfg = Release|Any CPU
		{16838721-7D9D-41BA-833D-6AAAB9958C97}.Release|Any CPU.Build.0 = Release|Any CPU
	EndGlobalSection
	GlobalSection(SolutionProperties) = preSolution
		HideSolutionNode = FALSE
	EndGlobalSection
	GlobalSection(ExtensibilityGlobals) = postSolution
		SolutionGuid = {83BB8D4E-D1EA-4D06-AA94-7D852D2980F7}
	EndGlobalSection
EndGlobal
